
Microsoft Visual Studio Solution File, Format Version 12.00
# Visual Studio Version 17
VisualStudioVersion = 17.9.34723.18
MinimumVisualStudioVersion = 10.0.40219.1
Project("{FAE04EC0-301F-11D3-BF4B-00C04F79EFBC}") = "ProblemPal_MobileV2", "ProblemPal_MobileV2\ProblemPal_MobileV2.csproj", "{04CB972C-A76C-4B3C-9623-63164C7A6D6D}"
EndProject
Global
	GlobalSection(SolutionConfigurationPlatforms) = preSolution
		Debug|Any CPU = Debug|Any CPU
		Release|Any CPU = Release|Any CPU
	EndGlobalSection
	GlobalSection(ProjectConfigurationPlatforms) = postSolution
		{04CB972C-A76C-4B3C-9623-63164C7A6D6D}.Debug|Any CPU.ActiveCfg = Debug|Any CPU
		{04CB972C-A76C-4B3C-9623-63164C7A6D6D}.Debug|Any CPU.Build.0 = Debug|Any CPU
		{04CB972C-A76C-4B3C-9623-63164C7A6D6D}.Debug|Any CPU.Deploy.0 = Debug|Any CPU
		{04CB972C-A76C-4B3C-9623-63164C7A6D6D}.Release|Any CPU.ActiveCfg = Release|Any CPU
		{04CB972C-A76C-4B3C-9623-63164C7A6D6D}.Release|Any CPU.Build.0 = Release|Any CPU
		{04CB972C-A76C-4B3C-9623-63164C7A6D6D}.Release|Any CPU.Deploy.0 = Release|Any CPU
	EndGlobalSection
	GlobalSection(SolutionProperties) = preSolution
		HideSolutionNode = FALSE
	EndGlobalSection
	GlobalSection(ExtensibilityGlobals) = postSolution
		SolutionGuid = {790AD13A-0EA7-4E2C-A74A-69A23B3EFA69}
	EndGlobalSection
EndGlobal
